
Microsoft Visual Studio Solution File, Format Version 12.00
# Visual Studio Version 16
VisualStudioVersion = 16.0.29920.165
MinimumVisualStudioVersion = 10.0.40219.1
Project("{FAE04EC0-301F-11D3-BF4B-00C04F79EFBC}") = "AnnuityLoanCalculator", "AnnuityLoanCalculator\AnnuityLoanCalculator.csproj", "{B50461E7-5377-47FA-BC61-D206F3C981F5}"
EndProject
Global
	GlobalSection(SolutionConfigurationPlatforms) = preSolution
		Debug|Any CPU = Debug|Any CPU
		Release|Any CPU = Release|Any CPU
	EndGlobalSection
	GlobalSection(ProjectConfigurationPlatforms) = postSolution
		{B50461E7-5377-47FA-BC61-D206F3C981F5}.Debug|Any CPU.ActiveCfg = Debug|Any CPU
		{B50461E7-5377-47FA-BC61-D206F3C981F5}.Debug|Any CPU.Build.0 = Debug|Any CPU
		{B50461E7-5377-47FA-BC61-D206F3C981F5}.Release|Any CPU.ActiveCfg = Release|Any CPU
		{B50461E7-5377-47FA-BC61-D206F3C981F5}.Release|Any CPU.Build.0 = Release|Any CPU
	EndGlobalSection
	GlobalSection(SolutionProperties) = preSolution
		HideSolutionNode = FALSE
	EndGlobalSection
	GlobalSection(ExtensibilityGlobals) = postSolution
		SolutionGuid = {BEC811CB-3CB0-4B66-AE10-BB84C1BFCD50}
	EndGlobalSection
EndGlobal
